{
  "name": "@thinkdrop/stategraph",
  "version": "1.0.0",
  "lockfileVersion": 3,
  "requires": true,
  "packages": {
    "": {
      "name": "@thinkdrop/stategraph",
      "version": "1.0.0",
      "license": "MIT",
      "dependencies": {
        "jsonrepair": "^3.13.3"
      },
      "devDependencies": {}
    },
    "node_modules/jsonrepair": {
      "version": "3.13.3",
      "resolved": "https://registry.npmjs.org/jsonrepair/-/jsonrepair-3.13.3.tgz",
      "integrity": "sha512-BTznj0owIt2CBAH/LTo7+1I5pMvl1e1033LRl/HUowlZmJOIhzC0zbX5bxMngLkfT4WnzPP26QnW5wMr2g9tsQ==",
      "license": "ISC",
      "bin": {
        "jsonrepair": "bin/cli.js"
      }
    }
  }
}
